{
    "_meta": {
        "hash": {
            "sha256": "3529d803a08aa8625e53ad901fe5db80d1a10ebc794ff3d4f554a93171de0faf"
        },
        "pipfile-spec": 6,
        "requires": {
            "python_version": "3.6"
        },
        "sources": [
            {
                "name": "pypi",
                "url": "https://pypi.org/simple",
                "verify_ssl": true
            }
        ]
    },
    "default": {
        "treelib": {
            "hashes": [
                "sha256:5f781a48eef400d09b5d57e786b1e1ac5e5127cd33f1399e7fd8066f1858e0e4"
            ],
            "index": "pypi",
            "version": "==1.5.1"
        }
    },
    "develop": {}
}
